// !$*UTF8*$!
{
	archiveVersion = 1;
	classes = {
	};
	objectVersion = 50;
	objects = {

/* Begin PBXBuildFile section */
		1896945024BE490D00A130CD /* AppDelegate.swift in Sources */ = {isa = PBXBuildFile; fileRef = 1896944F24BE490D00A130CD /* AppDelegate.swift */; };
		1896945224BE490D00A130CD /* SceneDelegate.swift in Sources */ = {isa = PBXBuildFile; fileRef = 1896945124BE490D00A130CD /* SceneDelegate.swift */; };
		1896945424BE490D00A130CD /* ViewController.swift in Sources */ = {isa = PBXBuildFile; fileRef = 1896945324BE490D00A130CD /* ViewController.swift */; };
		1896945724BE490D00A130CD /* Main.storyboard in Resources */ = {isa = PBXBuildFile; fileRef = 1896945524BE490D00A130CD /* Main.storyboard */; };
		1896945A24BE490D00A130CD /* gitHubSetUp.xcdatamodeld in Sources */ = {isa = PBXBuildFile; fileRef = 1896945824BE490D00A130CD /* gitHubSetUp.xcdatamodeld */; };
		1896945C24BE492500A130CD /* Assets.xcassets in Resources */ = {isa = PBXBuildFile; fileRef = 1896945B24BE492500A130CD /* Assets.xcassets */; };
		1896945F24BE492500A130CD /* LaunchScreen.storyboard in Resources */ = {isa = PBXBuildFile; fileRef = 1896945D24BE492500A130CD /* LaunchScreen.storyboard */; };
		1896946A24BE492500A130CD /* gitHubSetUpTests.swift in Sources */ = {isa = PBXBuildFile; fileRef = 1896946924BE492500A130CD /* gitHubSetUpTests.swift */; };
		1896947524BE492500A130CD /* gitHubSetUpUITests.swift in Sources */ = {isa = PBXBuildFile; fileRef = 1896947424BE492500A130CD /* gitHubSetUpUITests.swift */; };
/* End PBXBuildFile section */

/* Begin PBXContainerItemProxy section */
		1896946624BE492500A130CD /* PBXContainerItemProxy */ = {
			isa = PBXContainerItemProxy;
			containerPortal = 1896944424BE490D00A130CD /* Project object */;
			proxyType = 1;
			remoteGlobalIDString = 1896944B24BE490D00A130CD;
			remoteInfo = gitHubSetUp;
		};
		1896947124BE492500A130CD /* PBXContainerItemProxy */ = {
			isa = PBXContainerItemProxy;
			containerPortal = 1896944424BE490D00A130CD /* Project object */;
			proxyType = 1;
			remoteGlobalIDString = 1896944B24BE490D00A130CD;
			remoteInfo = gitHubSetUp;
		};
/* End PBXContainerItemProxy section */

/* Begin PBXFileReference section */
		1896944C24BE490D00A130CD /* gitHubSetUp.app */ = {isa = PBXFileReference; explicitFileType = wrapper.application; includeInIndex = 0; path = gitHubSetUp.app; sourceTree = BUILT_PRODUCTS_DIR; };
		1896944F24BE490D00A130CD /* AppDelegate.swift */ = {isa = PBXFileReference; lastKnownFileType = sourcecode.swift; path = AppDelegate.swift; sourceTree = "<group>"; };
		1896945124BE490D00A130CD /* SceneDelegate.swift */ = {isa = PBXFileReference; lastKnownFileType = sourcecode.swift; path = SceneDelegate.swift; sourceTree = "<group>"; };
		1896945324BE490D00A130CD /* ViewController.swift */ = {isa = PBXFileReference; lastKnownFileType = sourcecode.swift; path = ViewController.swift; sourceTree = "<group>"; };
		1896945624BE490D00A130CD /* Base */ = {isa = PBXFileReference; lastKnownFileType = file.storyboard; name = Base; path = Base.lproj/Main.storyboard; sourceTree = "<group>"; };
		1896945924BE490D00A130CD /* gitHubSetUp.xcdatamodel */ = {isa = PBXFileReference; lastKnownFileType = wrapper.xcdatamodel; path = gitHubSetUp.xcdatamodel; sourceTree = "<group>"; };
		1896945B24BE492500A130CD /* Assets.xcassets */ = {isa = PBXFileReference; lastKnownFileType = folder.assetcatalog; path = Assets.xcassets; sourceTree = "<group>"; };
		1896945E24BE492500A130CD /* Base */ = {isa = PBXFileReference; lastKnownFileType = file.storyboard; name = Base; path = Base.lproj/LaunchScreen.storyboard; sourceTree = "<group>"; };
		1896946024BE492500A130CD /* Info.plist */ = {isa = PBXFileReference; lastKnownFileType = text.plist.xml; path = Info.plist; sourceTree = "<group>"; };
		1896946524BE492500A130CD /* gitHubSetUpTests.xctest */ = {isa = PBXFileReference; explicitFileType = wrapper.cfbundle; includeInIndex = 0; path = gitHubSetUpTests.xctest; sourceTree = BUILT_PRODUCTS_DIR; };
		1896946924BE492500A130CD /* gitHubSetUpTests.swift */ = {isa = PBXFileReference; lastKnownFileType = sourcecode.swift; path = gitHubSetUpTests.swift; sourceTree = "<group>"; };
		1896946B24BE492500A130CD /* Info.plist */ = {isa = PBXFileReference; lastKnownFileType = text.plist.xml; path = Info.plist; sourceTree = "<group>"; };
		1896947024BE492500A130CD /* gitHubSetUpUITests.xctest */ = {isa = PBXFileReference; explicitFileType = wrapper.cfbundle; includeInIndex = 0; path = gitHubSetUpUITests.xctest; sourceTree = BUILT_PRODUCTS_DIR; };
		1896947424BE492500A130CD /* gitHubSetUpUITests.swift */ = {isa = PBXFileReference; lastKnownFileType = sourcecode.swift; path = gitHubSetUpUITests.swift; sourceTree = "<group>"; };
		1896947624BE492500A130CD /* Info.plist */ = {isa = PBXFileReference; lastKnownFileType = text.plist.xml; path = Info.plist; sourceTree = "<group>"; };
/* End PBXFileReference section */

/* Begin PBXFrameworksBuildPhase section */
		1896944924BE490D00A130CD /* Frameworks */ = {
			isa = PBXFrameworksBuildPhase;
			buildActionMask = 2147483647;
			files = (
			);
			runOnlyForDeploymentPostprocessing = 0;
		};
		1896946224BE492500A130CD /* Frameworks */ = {
			isa = PBXFrameworksBuildPhase;
			buildActionMask = 2147483647;
			files = (
			);
			runOnlyForDeploymentPostprocessing = 0;
		};
		1896946D24BE492500A130CD /* Frameworks */ = {
			isa = PBXFrameworksBuildPhase;
			buildActionMask = 2147483647;
			files = (
			);
			runOnlyForDeploymentPostprocessing = 0;
		};
/* End PBXFrameworksBuildPhase section */

/* Begin PBXGroup section */
		1896944324BE490D00A130CD = {
			isa = PBXGroup;
			children = (
				1896944E24BE490D00A130CD /* gitHubSetUp */,
				1896946824BE492500A130CD /* gitHubSetUpTests */,
				1896947324BE492500A130CD /* gitHubSetUpUITests */,
				1896944D24BE490D00A130CD /* Products */,
			);
			sourceTree = "<group>";
		};
		1896944D24BE490D00A130CD /* Products */ = {
			isa = PBXGroup;
			children = (
				1896944C24BE490D00A130CD /* gitHubSetUp.app */,
				1896946524BE492500A130CD /* gitHubSetUpTests.xctest */,
				1896947024BE492500A130CD /* gitHubSetUpUITests.xctest */,
			);
			name = Products;
			sourceTree = "<group>";
		};
		1896944E24BE490D00A130CD /* gitHubSetUp */ = {
			isa = PBXGroup;
			children = (
				1896944F24BE490D00A130CD /* AppDelegate.swift */,
				1896945124BE490D00A130CD /* SceneDelegate.swift */,
				1896945324BE490D00A130CD /* ViewController.swift */,
				1896945524BE490D00A130CD /* Main.storyboard */,
				1896945B24BE492500A130CD /* Assets.xcassets */,
				1896945D24BE492500A130CD /* LaunchScreen.storyboard */,
				1896946024BE492500A130CD /* Info.plist */,
				1896945824BE490D00A130CD /* gitHubSetUp.xcdatamodeld */,
			);
			path = gitHubSetUp;
			sourceTree = "<group>";
		};
		1896946824BE492500A130CD /* gitHubSetUpTests */ = {
			isa = PBXGroup;
			children = (
				1896946924BE492500A130CD /* gitHubSetUpTests.swift */,
				1896946B24BE492500A130CD /* Info.plist */,
			);
			path = gitHubSetUpTests;
			sourceTree = "<group>";
		};
		1896947324BE492500A130CD /* gitHubSetUpUITests */ = {
			isa = PBXGroup;
			children = (
				1896947424BE492500A130CD /* gitHubSetUpUITests.swift */,
				1896947624BE492500A130CD /* Info.plist */,
			);
			path = gitHubSetUpUITests;
			sourceTree = "<group>";
		};
/* End PBXGroup section */

/* Begin PBXNativeTarget section */
		1896944B24BE490D00A130CD /* gitHubSetUp */ = {
			isa = PBXNativeTarget;
			buildConfigurationList = 1896947924BE492600A130CD /* Build configuration list for PBXNativeTarget "gitHubSetUp" */;
			buildPhases = (
				1896944824BE490D00A130CD /* Sources */,
				1896944924BE490D00A130CD /* Frameworks */,
				1896944A24BE490D00A130CD /* Resources */,
			);
			buildRules = (
			);
			dependencies = (
			);
			name = gitHubSetUp;
			productName = gitHubSetUp;
			productReference = 1896944C24BE490D00A130CD /* gitHubSetUp.app */;
			productType = "com.apple.product-type.application";
		};
		1896946424BE492500A130CD /* gitHubSetUpTests */ = {
			isa = PBXNativeTarget;
			buildConfigurationList = 1896947C24BE492600A130CD /* Build configuration list for PBXNativeTarget "gitHubSetUpTests" */;
			buildPhases = (
				1896946124BE492500A130CD /* Sources */,
				1896946224BE492500A130CD /* Frameworks */,
				1896946324BE492500A130CD /* Resources */,
			);
			buildRules = (
			);
			dependencies = (
				1896946724BE492500A130CD /* PBXTargetDependency */,
			);
			name = gitHubSetUpTests;
			productName = gitHubSetUpTests;
			productReference = 1896946524BE492500A130CD /* gitHubSetUpTests.xctest */;
			productType = "com.apple.product-type.bundle.unit-test";
		};
		1896946F24BE492500A130CD /* gitHubSetUpUITests */ = {
			isa = PBXNativeTarget;
			buildConfigurationList = 1896947F24BE492600A130CD /* Build configuration list for PBXNativeTarget "gitHubSetUpUITests" */;
			buildPhases = (
				1896946C24BE492500A130CD /* Sources */,
				1896946D24BE492500A130CD /* Frameworks */,
				1896946E24BE492500A130CD /* Resources */,
			);
			buildRules = (
			);
			dependencies = (
				1896947224BE492500A130CD /* PBXTargetDependency */,
			);
			name = gitHubSetUpUITests;
			productName = gitHubSetUpUITests;
			productReference = 1896947024BE492500A130CD /* gitHubSetUpUITests.xctest */;
			productType = "com.apple.product-type.bundle.ui-testing";
		};
/* End PBXNativeTarget section */

/* Begin PBXProject section */
		1896944424BE490D00A130CD /* Project object */ = {
			isa = PBXProject;
			attributes = {
				LastSwiftUpdateCheck = 1150;
				LastUpgradeCheck = 1150;
				ORGANIZATIONNAME = Apple;
				TargetAttributes = {
					1896944B24BE490D00A130CD = {
						CreatedOnToolsVersion = 11.5;
					};
					1896946424BE492500A130CD = {
						CreatedOnToolsVersion = 11.5;
						TestTargetID = 1896944B24BE490D00A130CD;
					};
					1896946F24BE492500A130CD = {
						CreatedOnToolsVersion = 11.5;
						TestTargetID = 1896944B24BE490D00A130CD;
					};
				};
			};
			buildConfigurationList = 1896944724BE490D00A130CD /* Build configuration list for PBXProject "gitHubSetUp" */;
			compatibilityVersion = "Xcode 9.3";
			developmentRegion = en;
			hasScannedForEncodings = 0;
			knownRegions = (
				en,
				Base,
			);
			mainGroup = 1896944324BE490D00A130CD;
			productRefGroup = 1896944D24BE490D00A130CD /* Products */;
			projectDirPath = "";
			projectRoot = "";
			targets = (
				1896944B24BE490D00A130CD /* gitHubSetUp */,
				1896946424BE492500A130CD /* gitHubSetUpTests */,
				1896946F24BE492500A130CD /* gitHubSetUpUITests */,
			);
		};
/* End PBXProject section */

/* Begin PBXResourcesBuildPhase section */
		1896944A24BE490D00A130CD /* Resources */ = {
			isa = PBXResourcesBuildPhase;
			buildActionMask = 2147483647;
			files = (
				1896945F24BE492500A130CD /* LaunchScreen.storyboard in Resources */,
				1896945C24BE492500A130CD /* Assets.xcassets in Resources */,
				1896945724BE490D00A130CD /* Main.storyboard in Resources */,
			);
			runOnlyForDeploymentPostprocessing = 0;
		};
		1896946324BE492500A130CD /* Resources */ = {
			isa = PBXResourcesBuildPhase;
			buildActionMask = 2147483647;
			files = (
			);
			runOnlyForDeploymentPostprocessing = 0;
		};
		1896946E24BE492500A130CD /* Resources */ = {
			isa = PBXResourcesBuildPhase;
			buildActionMask = 2147483647;
			files = (
			);
			runOnlyForDeploymentPostprocessing = 0;
		};
/* End PBXResourcesBuildPhase section */

/* Begin PBXSourcesBuildPhase section */
		1896944824BE490D00A130CD /* Sources */ = {
			isa = PBXSourcesBuildPhase;
			buildActionMask = 2147483647;
			files = (
				1896945A24BE490D00A130CD /* gitHubSetUp.xcdatamodeld in Sources */,
				1896945424BE490D00A130CD /* ViewController.swift in Sources */,
				1896945024BE490D00A130CD /* AppDelegate.swift in Sources */,
				1896945224BE490D00A130CD /* SceneDelegate.swift in Sources */,
			);
			runOnlyForDeploymentPostprocessing = 0;
		};
		1896946124BE492500A130CD /* Sources */ = {
			isa = PBXSourcesBuildPhase;
			buildActionMask = 2147483647;
			files = (
				1896946A24BE492500A130CD /* gitHubSetUpTests.swift in Sources */,
			);
			runOnlyForDeploymentPostprocessing = 0;
		};
		1896946C24BE492500A130CD /* Sources */ = {
			isa = PBXSourcesBuildPhase;
			buildActionMask = 2147483647;
			files = (
				1896947524BE492500A130CD /* gitHubSetUpUITests.swift in Sources */,
			);
			runOnlyForDeploymentPostprocessing = 0;
		};
/* End PBXSourcesBuildPhase section */

/* Begin PBXTargetDependency section */
		1896946724BE492500A130CD /* PBXTargetDependency */ = {
			isa = PBXTargetDependency;
			target = 1896944B24BE490D00A130CD /* gitHubSetUp */;
			targetProxy = 1896946624BE492500A130CD /* PBXContainerItemProxy */;
		};
		1896947224BE492500A130CD /* PBXTargetDependency */ = {
			isa = PBXTargetDependency;
			target = 1896944B24BE490D00A130CD /* gitHubSetUp */;
			targetProxy = 1896947124BE492500A130CD /* PBXContainerItemProxy */;
		};
/* End PBXTargetDependency section */

/* Begin PBXVariantGroup section */
		1896945524BE490D00A130CD /* Main.storyboard */ = {
			isa = PBXVariantGroup;
			children = (
				1896945624BE490D00A130CD /* Base */,
			);
			name = Main.storyboard;
			sourceTree = "<group>";
		};
		1896945D24BE492500A130CD /* LaunchScreen.storyboard */ = {
			isa = PBXVariantGroup;
			children = (
				1896945E24BE492500A130CD /* Base */,
			);
			name = LaunchScreen.storyboard;
			sourceTree = "<group>";
		};
/* End PBXVariantGroup section */

/* Begin XCBuildConfiguration section */
		1896947724BE492600A130CD /* Debug */ = {
			isa = XCBuildConfiguration;
			buildSettings = {
				ALWAYS_SEARCH_USER_PATHS = NO;
				CLANG_ANALYZER_NONNULL = YES;
				CLANG_ANALYZER_NUMBER_OBJECT_CONVERSION = YES_AGGRESSIVE;
				CLANG_CXX_LANGUAGE_STANDARD = "gnu++14";
				CLANG_CXX_LIBRARY = "libc++";
				CLANG_ENABLE_MODULES = YES;
				CLANG_ENABLE_OBJC_ARC = YES;
				CLANG_ENABLE_OBJC_WEAK = YES;
				CLANG_WARN_BLOCK_CAPTURE_AUTORELEASING = YES;
				CLANG_WARN_BOOL_CONVERSION = YES;
				CLANG_WARN_COMMA = YES;
				CLANG_WARN_CONSTANT_CONVERSION = YES;
				CLANG_WARN_DEPRECATED_OBJC_IMPLEMENTATIONS = YES;
				CLANG_WARN_DIRECT_OBJC_ISA_USAGE = YES_ERROR;
				CLANG_WARN_DOCUMENTATION_COMMENTS = YES;
				CLANG_WARN_EMPTY_BODY = YES;
				CLANG_WARN_ENUM_CONVERSION = YES;
				CLANG_WARN_INFINITE_RECURSION = YES;
				CLANG_WARN_INT_CONVERSION = YES;
				CLANG_WARN_NON_LITERAL_NULL_CONVERSION = YES;
				CLANG_WARN_OBJC_IMPLICIT_RETAIN_SELF = YES;
				CLANG_WARN_OBJC_LITERAL_CONVERSION = YES;
				CLANG_WARN_OBJC_ROOT_CLASS = YES_ERROR;
				CLANG_WARN_RANGE_LOOP_ANALYSIS = YES;
				CLANG_WARN_STRICT_PROTOTYPES = YES;
				CLANG_WARN_SUSPICIOUS_MOVE = YES;
				CLANG_WARN_UNGUARDED_AVAILABILITY = YES_AGGRESSIVE;
				CLANG_WARN_UNREACHABLE_CODE = YES;
				CLANG_WARN__DUPLICATE_METHOD_MATCH = YES;
				COPY_PHASE_STRIP = NO;
				DEBUG_INFORMATION_FORMAT = dwarf;
				ENABLE_STRICT_OBJC_MSGSEND = YES;
				ENABLE_TESTABILITY = YES;
				GCC_C_LANGUAGE_STANDARD = gnu11;
				GCC_DYNAMIC_NO_PIC = NO;
				GCC_NO_COMMON_BLOCKS = YES;
				GCC_OPTIMIZATION_LEVEL = 0;
				GCC_PREPROCESSOR_DEFINITIONS = (
					"DEBUG=1",
					"$(inherited)",
				);
				GCC_WARN_64_TO_32_BIT_CONVERSION = YES;
				GCC_WARN_ABOUT_RETURN_TYPE = YES_ERROR;
				GCC_WARN_UNDECLARED_SELECTOR = YES;
				GCC_WARN_UNINITIALIZED_AUTOS = YES_AGGRESSIVE;
				GCC_WARN_UNUSED_FUNCTION = YES;
				GCC_WARN_UNUSED_VARIABLE = YES;
				IPHONEOS_DEPLOYMENT_TARGET = 13.5;
				MTL_ENABLE_DEBUG_INFO = INCLUDE_SOURCE;
				MTL_FAST_MATH = YES;
				ONLY_ACTIVE_ARCH = YES;
				SDKROOT = iphoneos;
				SWIFT_ACTIVE_COMPILATION_CONDITIONS = DEBUG;
				SWIFT_OPTIMIZATION_LEVEL = "-Onone";
			};
			name = Debug;
		};
		1896947824BE492600A130CD /* Release */ = {
			isa = XCBuildConfiguration;
			buildSettings = {
				ALWAYS_SEARCH_USER_PATHS = NO;
				CLANG_ANALYZER_NONNULL = YES;
				CLANG_ANALYZER_NUMBER_OBJECT_CONVERSION = YES_AGGRESSIVE;
				CLANG_CXX_LANGUAGE_STANDARD = "gnu++14";
				CLANG_CXX_LIBRARY = "libc++";
				CLANG_ENABLE_MODULES = YES;
				CLANG_ENABLE_OBJC_ARC = YES;
				CLANG_ENABLE_OBJC_WEAK = YES;
				CLANG_WARN_BLOCK_CAPTURE_AUTORELEASING = YES;
				CLANG_WARN_BOOL_CONVERSION = YES;
				CLANG_WARN_COMMA = YES;
				CLANG_WARN_CONSTANT_CONVERSION = YES;
				CLANG_WARN_DEPRECATED_OBJC_IMPLEMENTATIONS = YES;
				CLANG_WARN_DIRECT_OBJC_ISA_USAGE = YES_ERROR;
				CLANG_WARN_DOCUMENTATION_COMMENTS = YES;
				CLANG_WARN_EMPTY_BODY = YES;
				CLANG_WARN_ENUM_CONVERSION = YES;
				CLANG_WARN_INFINITE_RECURSION = YES;
				CLANG_WARN_INT_CONVERSION = YES;
				CLANG_WARN_NON_LITERAL_NULL_CONVERSION = YES;
				CLANG_WARN_OBJC_IMPLICIT_RETAIN_SELF = YES;
				CLANG_WARN_OBJC_LITERAL_CONVERSION = YES;
				CLANG_WARN_OBJC_ROOT_CLASS = YES_ERROR;
				CLANG_WARN_RANGE_LOOP_ANALYSIS = YES;
				CLANG_WARN_STRICT_PROTOTYPES = YES;
				CLANG_WARN_SUSPICIOUS_MOVE = YES;
				CLANG_WARN_UNGUARDED_AVAILABILITY = YES_AGGRESSIVE;
				CLANG_WARN_UNREACHABLE_CODE = YES;
				CLANG_WARN__DUPLICATE_METHOD_MATCH = YES;
				COPY_PHASE_STRIP = NO;
				DEBUG_INFORMATION_FORMAT = "dwarf-with-dsym";
				ENABLE_NS_ASSERTIONS = NO;
				ENABLE_STRICT_OBJC_MSGSEND = YES;
				GCC_C_LANGUAGE_STANDARD = gnu11;
				GCC_NO_COMMON_BLOCKS = YES;
				GCC_WARN_64_TO_32_BIT_CONVERSION = YES;
				GCC_WARN_ABOUT_RETURN_TYPE = YES_ERROR;
				GCC_WARN_UNDECLARED_SELECTOR = YES;
				GCC_WARN_UNINITIALIZED_AUTOS = YES_AGGRESSIVE;
				GCC_WARN_UNUSED_FUNCTION = YES;
				GCC_WARN_UNUSED_VARIABLE = YES;
				IPHONEOS_DEPLOYMENT_TARGET = 13.5;
				MTL_ENABLE_DEBUG_INFO = NO;
				MTL_FAST_MATH = YES;
				SDKROOT = iphoneos;
				SWIFT_COMPILATION_MODE = wholemodule;
				SWIFT_OPTIMIZATION_LEVEL = "-O";
				VALIDATE_PRODUCT = YES;
			};
			name = Release;
		};
		1896947A24BE492600A130CD /* Debug */ = {
			isa = XCBuildConfiguration;
			buildSettings = {
				ASSETCATALOG_COMPILER_APPICON_NAME = AppIcon;
				CODE_SIGN_STYLE = Automatic;
				INFOPLIST_FILE = gitHubSetUp/Info.plist;
				LD_RUNPATH_SEARCH_PATHS = (
					"$(inherited)",
					"@executable_path/Frameworks",
				);
				PRODUCT_BUNDLE_IDENTIFIER = shaniamccullough.gitHubSetUp;
				PRODUCT_NAME = "$(TARGET_NAME)";
				SWIFT_VERSION = 5.0;
				TARGETED_DEVICE_FAMILY = "1,2";
			};
			name = Debug;
		};
		1896947B24BE492600A130CD /* Release */ = {
			isa = XCBuildConfiguration;
			buildSettings = {
				ASSETCATALOG_COMPILER_APPICON_NAME = AppIcon;
				CODE_SIGN_STYLE = Automatic;
				INFOPLIST_FILE = gitHubSetUp/Info.plist;
				LD_RUNPATH_SEARCH_PATHS = (
					"$(inherited)",
					"@executable_path/Frameworks",
				);
				PRODUCT_BUNDLE_IDENTIFIER = shaniamccullough.gitHubSetUp;
				PRODUCT_NAME = "$(TARGET_NAME)";
				SWIFT_VERSION = 5.0;
				TARGETED_DEVICE_FAMILY = "1,2";
			};
			name = Release;
		};
		1896947D24BE492600A130CD /* Debug */ = {
			isa = XCBuildConfiguration;
			buildSettings = {
				ALWAYS_EMBED_SWIFT_STANDARD_LIBRARIES = YES;
				BUNDLE_LOADER = "$(TEST_HOST)";
				CODE_SIGN_STYLE = Automatic;
				INFOPLIST_FILE = gitHubSetUpTests/Info.plist;
				IPHONEOS_DEPLOYMENT_TARGET = 13.5;
				LD_RUNPATH_SEARCH_PATHS = (
					"$(inherited)",
					"@executable_path/Frameworks",
					"@loader_path/Frameworks",
				);
				PRODUCT_BUNDLE_IDENTIFIER = shaniamccullough.gitHubSetUpTests;
				PRODUCT_NAME = "$(TARGET_NAME)";
				SWIFT_VERSION = 5.0;
				TARGETED_DEVICE_FAMILY = "1,2";
				TEST_HOST = "$(BUILT_PRODUCTS_DIR)/gitHubSetUp.app/gitHubSetUp";
			};
			name = Debug;
		};
		1896947E24BE492600A130CD /* Release */ = {
			isa = XCBuildConfiguration;
			buildSettings = {
				ALWAYS_EMBED_SWIFT_STANDARD_LIBRARIES = YES;
				BUNDLE_LOADER = "$(TEST_HOST)";
				CODE_SIGN_STYLE = Automatic;
				INFOPLIST_FILE = gitHubSetUpTests/Info.plist;
				IPHONEOS_DEPLOYMENT_TARGET = 13.5;
				LD_RUNPATH_SEARCH_PATHS = (
					"$(inherited)",
					"@executable_path/Frameworks",
					"@loader_path/Frameworks",
				);
				PRODUCT_BUNDLE_IDENTIFIER = shaniamccullough.gitHubSetUpTests;
				PRODUCT_NAME = "$(TARGET_NAME)";
				SWIFT_VERSION = 5.0;
				TARGETED_DEVICE_FAMILY = "1,2";
				TEST_HOST = "$(BUILT_PRODUCTS_DIR)/gitHubSetUp.app/gitHubSetUp";
			};
			name = Release;
		};
		1896948024BE492600A130CD /* Debug */ = {
			isa = XCBuildConfiguration;
			buildSettings = {
				ALWAYS_EMBED_SWIFT_STANDARD_LIBRARIES = YES;
				CODE_SIGN_STYLE = Automatic;
				INFOPLIST_FILE = gitHubSetUpUITests/Info.plist;
				LD_RUNPATH_SEARCH_PATHS = (
					"$(inherited)",
					"@executable_path/Frameworks",
					"@loader_path/Frameworks",
				);
				PRODUCT_BUNDLE_IDENTIFIER = shaniamccullough.gitHubSetUpUITests;
				PRODUCT_NAME = "$(TARGET_NAME)";
				SWIFT_VERSION = 5.0;
				TARGETED_DEVICE_FAMILY = "1,2";
				TEST_TARGET_NAME = gitHubSetUp;
			};
			name = Debug;
		};
		1896948124BE492600A130CD /* Release */ = {
			isa = XCBuildConfiguration;
			buildSettings = {
				ALWAYS_EMBED_SWIFT_STANDARD_LIBRARIES = YES;
				CODE_SIGN_STYLE = Automatic;
				INFOPLIST_FILE = gitHubSetUpUITests/Info.plist;
				LD_RUNPATH_SEARCH_PATHS = (
					"$(inherited)",
					"@executable_path/Frameworks",
					"@loader_path/Frameworks",
				);
				PRODUCT_BUNDLE_IDENTIFIER = shaniamccullough.gitHubSetUpUITests;
				PRODUCT_NAME = "$(TARGET_NAME)";
				SWIFT_VERSION = 5.0;
				TARGETED_DEVICE_FAMILY = "1,2";
				TEST_TARGET_NAME = gitHubSetUp;
			};
			name = Release;
		};
/* End XCBuildConfiguration section */

/* Begin XCConfigurationList section */
		1896944724BE490D00A130CD /* Build configuration list for PBXProject "gitHubSetUp" */ = {
			isa = XCConfigurationList;
			buildConfigurations = (
				1896947724BE492600A130CD /* Debug */,
				1896947824BE492600A130CD /* Release */,
			);
			defaultConfigurationIsVisible = 0;
			defaultConfigurationName = Release;
		};
		1896947924BE492600A130CD /* Build configuration list for PBXNativeTarget "gitHubSetUp" */ = {
			isa = XCConfigurationList;
			buildConfigurations = (
				1896947A24BE492600A130CD /* Debug */,
				1896947B24BE492600A130CD /* Release */,
			);
			defaultConfigurationIsVisible = 0;
			defaultConfigurationName = Release;
		};
		1896947C24BE492600A130CD /* Build configuration list for PBXNativeTarget "gitHubSetUpTests" */ = {
			isa = XCConfigurationList;
			buildConfigurations = (
				1896947D24BE492600A130CD /* Debug */,
				1896947E24BE492600A130CD /* Release */,
			);
			defaultConfigurationIsVisible = 0;
			defaultConfigurationName = Release;
		};
		1896947F24BE492600A130CD /* Build configuration list for PBXNativeTarget "gitHubSetUpUITests" */ = {
			isa = XCConfigurationList;
			buildConfigurations = (
				1896948024BE492600A130CD /* Debug */,
				1896948124BE492600A130CD /* Release */,
			);
			defaultConfigurationIsVisible = 0;
			defaultConfigurationName = Release;
		};
/* End XCConfigurationList section */

/* Begin XCVersionGroup section */
		1896945824BE490D00A130CD /* gitHubSetUp.xcdatamodeld */ = {
			isa = XCVersionGroup;
			children = (
				1896945924BE490D00A130CD /* gitHubSetUp.xcdatamodel */,
			);
			currentVersion = 1896945924BE490D00A130CD /* gitHubSetUp.xcdatamodel */;
			path = gitHubSetUp.xcdatamodeld;
			sourceTree = "<group>";
			versionGroupType = wrapper.xcdatamodel;
		};
/* End XCVersionGroup section */
	};
	rootObject = 1896944424BE490D00A130CD /* Project object */;
}
